
Microsoft Visual Studio Solution File, Format Version 12.00
# Visual Studio Version 16
VisualStudioVersion = 16.0.31624.102
MinimumVisualStudioVersion = 10.0.40219.1
Project("{FAE04EC0-301F-11D3-BF4B-00C04F79EFBC}") = "WinTestBitacoraJson", "WinTestBitacoraJson\WinTestBitacoraJson.csproj", "{8221E5B5-2597-41F4-88E0-C8AC6DE81FE4}"
EndProject
Project("{FAE04EC0-301F-11D3-BF4B-00C04F79EFBC}") = "TestingBE", "TestingBE\TestingBE.csproj", "{010982FB-05B9-469E-9E4C-CE1039D663B2}"
EndProject
Global
	GlobalSection(SolutionConfigurationPlatforms) = preSolution
		Debug|Any CPU = Debug|Any CPU
		Release|Any CPU = Release|Any CPU
	EndGlobalSection
	GlobalSection(ProjectConfigurationPlatforms) = postSolution
		{8221E5B5-2597-41F4-88E0-C8AC6DE81FE4}.Debug|Any CPU.ActiveCfg = Debug|Any CPU
		{8221E5B5-2597-41F4-88E0-C8AC6DE81FE4}.Debug|Any CPU.Build.0 = Debug|Any CPU
		{8221E5B5-2597-41F4-88E0-C8AC6DE81FE4}.Release|Any CPU.ActiveCfg = Release|Any CPU
		{8221E5B5-2597-41F4-88E0-C8AC6DE81FE4}.Release|Any CPU.Build.0 = Release|Any CPU
		{010982FB-05B9-469E-9E4C-CE1039D663B2}.Debug|Any CPU.ActiveCfg = Debug|Any CPU
		{010982FB-05B9-469E-9E4C-CE1039D663B2}.Debug|Any CPU.Build.0 = Debug|Any CPU
		{010982FB-05B9-469E-9E4C-CE1039D663B2}.Release|Any CPU.ActiveCfg = Release|Any CPU
		{010982FB-05B9-469E-9E4C-CE1039D663B2}.Release|Any CPU.Build.0 = Release|Any CPU
	EndGlobalSection
	GlobalSection(SolutionProperties) = preSolution
		HideSolutionNode = FALSE
	EndGlobalSection
	GlobalSection(ExtensibilityGlobals) = postSolution
		SolutionGuid = {381D882F-363B-47A8-ABC9-CCAC6F68A31D}
	EndGlobalSection
EndGlobal
